// !$*UTF8*$!
{
	archiveVersion = 1;
	classes = {
	};
	objectVersion = 56;
	objects = {

/* Begin PBXBuildFile section */
		229282302C2A42BE0055CA98 /* UberCloneApp.swift in Sources */ = {isa = PBXBuildFile; fileRef = 2292822F2C2A42BE0055CA98 /* UberCloneApp.swift */; };
		229282342C2A42BF0055CA98 /* Assets.xcassets in Resources */ = {isa = PBXBuildFile; fileRef = 229282332C2A42BF0055CA98 /* Assets.xcassets */; };
		229282372C2A42BF0055CA98 /* Preview Assets.xcassets in Resources */ = {isa = PBXBuildFile; fileRef = 229282362C2A42BF0055CA98 /* Preview Assets.xcassets */; };
		229282452C2A4E740055CA98 /* HomeView.swift in Sources */ = {isa = PBXBuildFile; fileRef = 229282442C2A4E740055CA98 /* HomeView.swift */; };
		229282492C2A4EEB0055CA98 /* UberMapViewRepresentable.swift in Sources */ = {isa = PBXBuildFile; fileRef = 229282482C2A4EEA0055CA98 /* UberMapViewRepresentable.swift */; };
		2292824B2C2A59E10055CA98 /* LocationManager.swift in Sources */ = {isa = PBXBuildFile; fileRef = 2292824A2C2A59E10055CA98 /* LocationManager.swift */; };
		229282512C2AF0B10055CA98 /* LocationSearchActivationSearchView.swift in Sources */ = {isa = PBXBuildFile; fileRef = 229282502C2AF0B10055CA98 /* LocationSearchActivationSearchView.swift */; };
		229282532C2AF11C0055CA98 /* UIScreen.swift in Sources */ = {isa = PBXBuildFile; fileRef = 229282522C2AF11C0055CA98 /* UIScreen.swift */; };
		229282552C2AF2170055CA98 /* MapViewActionButton.swift in Sources */ = {isa = PBXBuildFile; fileRef = 229282542C2AF2170055CA98 /* MapViewActionButton.swift */; };
		229282572C2AF3820055CA98 /* LocationSearchView.swift in Sources */ = {isa = PBXBuildFile; fileRef = 229282562C2AF3820055CA98 /* LocationSearchView.swift */; };
		229282592C2AF5280055CA98 /* LocationSearchResultCell.swift in Sources */ = {isa = PBXBuildFile; fileRef = 229282582C2AF5280055CA98 /* LocationSearchResultCell.swift */; };
		2292825B2C2AFF380055CA98 /* LocationSearchViewModel.swift in Sources */ = {isa = PBXBuildFile; fileRef = 2292825A2C2AFF380055CA98 /* LocationSearchViewModel.swift */; };
		22A55E462C2B21C4000B9ACF /* MapViewState.swift in Sources */ = {isa = PBXBuildFile; fileRef = 22A55E452C2B21C4000B9ACF /* MapViewState.swift */; };
		22A55E4D2C2B2F03000B9ACF /* RideRequestView.swift in Sources */ = {isa = PBXBuildFile; fileRef = 22A55E4C2C2B2F03000B9ACF /* RideRequestView.swift */; };
/* End PBXBuildFile section */

/* Begin PBXFileReference section */
		2292822C2C2A42BE0055CA98 /* UberClone.app */ = {isa = PBXFileReference; explicitFileType = wrapper.application; includeInIndex = 0; path = UberClone.app; sourceTree = BUILT_PRODUCTS_DIR; };
		2292822F2C2A42BE0055CA98 /* UberCloneApp.swift */ = {isa = PBXFileReference; lastKnownFileType = sourcecode.swift; path = UberCloneApp.swift; sourceTree = "<group>"; };
		229282332C2A42BF0055CA98 /* Assets.xcassets */ = {isa = PBXFileReference; lastKnownFileType = folder.assetcatalog; path = Assets.xcassets; sourceTree = "<group>"; };
		229282362C2A42BF0055CA98 /* Preview Assets.xcassets */ = {isa = PBXFileReference; lastKnownFileType = folder.assetcatalog; path = "Preview Assets.xcassets"; sourceTree = "<group>"; };
		229282442C2A4E740055CA98 /* HomeView.swift */ = {isa = PBXFileReference; lastKnownFileType = sourcecode.swift; path = HomeView.swift; sourceTree = "<group>"; };
		229282482C2A4EEA0055CA98 /* UberMapViewRepresentable.swift */ = {isa = PBXFileReference; lastKnownFileType = sourcecode.swift; path = UberMapViewRepresentable.swift; sourceTree = "<group>"; };
		2292824A2C2A59E10055CA98 /* LocationManager.swift */ = {isa = PBXFileReference; lastKnownFileType = sourcecode.swift; path = LocationManager.swift; sourceTree = "<group>"; };
		229282502C2AF0B10055CA98 /* LocationSearchActivationSearchView.swift */ = {isa = PBXFileReference; lastKnownFileType = sourcecode.swift; path = LocationSearchActivationSearchView.swift; sourceTree = "<group>"; };
		229282522C2AF11C0055CA98 /* UIScreen.swift */ = {isa = PBXFileReference; lastKnownFileType = sourcecode.swift; path = UIScreen.swift; sourceTree = "<group>"; };
		229282542C2AF2170055CA98 /* MapViewActionButton.swift */ = {isa = PBXFileReference; lastKnownFileType = sourcecode.swift; path = MapViewActionButton.swift; sourceTree = "<group>"; };
		229282562C2AF3820055CA98 /* LocationSearchView.swift */ = {isa = PBXFileReference; lastKnownFileType = sourcecode.swift; path = LocationSearchView.swift; sourceTree = "<group>"; };
		229282582C2AF5280055CA98 /* LocationSearchResultCell.swift */ = {isa = PBXFileReference; lastKnownFileType = sourcecode.swift; path = LocationSearchResultCell.swift; sourceTree = "<group>"; };
		2292825A2C2AFF380055CA98 /* LocationSearchViewModel.swift */ = {isa = PBXFileReference; lastKnownFileType = sourcecode.swift; path = LocationSearchViewModel.swift; sourceTree = "<group>"; };
		22A55E452C2B21C4000B9ACF /* MapViewState.swift */ = {isa = PBXFileReference; lastKnownFileType = sourcecode.swift; path = MapViewState.swift; sourceTree = "<group>"; };
		22A55E4C2C2B2F03000B9ACF /* RideRequestView.swift */ = {isa = PBXFileReference; lastKnownFileType = sourcecode.swift; path = RideRequestView.swift; sourceTree = "<group>"; };
/* End PBXFileReference section */

/* Begin PBXFrameworksBuildPhase section */
		229282292C2A42BE0055CA98 /* Frameworks */ = {
			isa = PBXFrameworksBuildPhase;
			buildActionMask = 2147483647;
			files = (
			);
			runOnlyForDeploymentPostprocessing = 0;
		};
/* End PBXFrameworksBuildPhase section */

/* Begin PBXGroup section */
		229282232C2A42BE0055CA98 = {
			isa = PBXGroup;
			children = (
				2292822E2C2A42BE0055CA98 /* UberClone */,
				2292822D2C2A42BE0055CA98 /* Products */,
			);
			sourceTree = "<group>";
		};
		2292822D2C2A42BE0055CA98 /* Products */ = {
			isa = PBXGroup;
			children = (
				2292822C2C2A42BE0055CA98 /* UberClone.app */,
			);
			name = Products;
			sourceTree = "<group>";
		};
		2292822E2C2A42BE0055CA98 /* UberClone */ = {
			isa = PBXGroup;
			children = (
				2292823D2C2A4E190055CA98 /* App */,
				2292823E2C2A4E250055CA98 /* Core */,
				2292823F2C2A4E290055CA98 /* Extensions */,
				229282402C2A4E2D0055CA98 /* Managers */,
				229282412C2A4E340055CA98 /* Models */,
				229282352C2A42BF0055CA98 /* Preview Content */,
			);
			path = UberClone;
			sourceTree = "<group>";
		};
		229282352C2A42BF0055CA98 /* Preview Content */ = {
			isa = PBXGroup;
			children = (
				229282362C2A42BF0055CA98 /* Preview Assets.xcassets */,
			);
			path = "Preview Content";
			sourceTree = "<group>";
		};
		2292823D2C2A4E190055CA98 /* App */ = {
			isa = PBXGroup;
			children = (
				229282332C2A42BF0055CA98 /* Assets.xcassets */,
				2292822F2C2A42BE0055CA98 /* UberCloneApp.swift */,
			);
			path = App;
			sourceTree = "<group>";
		};
		2292823E2C2A4E250055CA98 /* Core */ = {
			isa = PBXGroup;
			children = (
				22A55E472C2B2E7C000B9ACF /* Trips */,
				2292824D2C2AF0890055CA98 /* LocationSearch */,
				2292824C2C2AF0760055CA98 /* Home */,
			);
			path = Core;
			sourceTree = "<group>";
		};
		2292823F2C2A4E290055CA98 /* Extensions */ = {
			isa = PBXGroup;
			children = (
				229282522C2AF11C0055CA98 /* UIScreen.swift */,
			);
			path = Extensions;
			sourceTree = "<group>";
		};
		229282402C2A4E2D0055CA98 /* Managers */ = {
			isa = PBXGroup;
			children = (
				2292824A2C2A59E10055CA98 /* LocationManager.swift */,
			);
			path = Managers;
			sourceTree = "<group>";
		};
		229282412C2A4E340055CA98 /* Models */ = {
			isa = PBXGroup;
			children = (
				22A55E452C2B21C4000B9ACF /* MapViewState.swift */,
			);
			path = Models;
			sourceTree = "<group>";
		};
		229282422C2A4E650055CA98 /* ViewModels */ = {
			isa = PBXGroup;
			children = (
			);
			path = ViewModels;
			sourceTree = "<group>";
		};
		229282432C2A4E6C0055CA98 /* Views */ = {
			isa = PBXGroup;
			children = (
				229282442C2A4E740055CA98 /* HomeView.swift */,
				229282482C2A4EEA0055CA98 /* UberMapViewRepresentable.swift */,
				229282542C2AF2170055CA98 /* MapViewActionButton.swift */,
			);
			path = Views;
			sourceTree = "<group>";
		};
		2292824C2C2AF0760055CA98 /* Home */ = {
			isa = PBXGroup;
			children = (
				229282432C2A4E6C0055CA98 /* Views */,
				229282422C2A4E650055CA98 /* ViewModels */,
			);
			path = Home;
			sourceTree = "<group>";
		};
		2292824D2C2AF0890055CA98 /* LocationSearch */ = {
			isa = PBXGroup;
			children = (
				2292824F2C2AF0950055CA98 /* View */,
				2292824E2C2AF0910055CA98 /* ViewModels */,
			);
			path = LocationSearch;
			sourceTree = "<group>";
		};
		2292824E2C2AF0910055CA98 /* ViewModels */ = {
			isa = PBXGroup;
			children = (
				2292825A2C2AFF380055CA98 /* LocationSearchViewModel.swift */,
			);
			path = ViewModels;
			sourceTree = "<group>";
		};
		2292824F2C2AF0950055CA98 /* View */ = {
			isa = PBXGroup;
			children = (
				229282502C2AF0B10055CA98 /* LocationSearchActivationSearchView.swift */,
				229282562C2AF3820055CA98 /* LocationSearchView.swift */,
				229282582C2AF5280055CA98 /* LocationSearchResultCell.swift */,
			);
			path = View;
			sourceTree = "<group>";
		};
		22A55E472C2B2E7C000B9ACF /* Trips */ = {
			isa = PBXGroup;
			children = (
				22A55E492C2B2E89000B9ACF /* Views */,
				22A55E482C2B2E85000B9ACF /* ViewModels */,
			);
			path = Trips;
			sourceTree = "<group>";
		};
		22A55E482C2B2E85000B9ACF /* ViewModels */ = {
			isa = PBXGroup;
			children = (
			);
			path = ViewModels;
			sourceTree = "<group>";
		};
		22A55E492C2B2E89000B9ACF /* Views */ = {
			isa = PBXGroup;
			children = (
				22A55E4C2C2B2F03000B9ACF /* RideRequestView.swift */,
			);
			path = Views;
			sourceTree = "<group>";
		};
/* End PBXGroup section */

/* Begin PBXNativeTarget section */
		2292822B2C2A42BE0055CA98 /* UberClone */ = {
			isa = PBXNativeTarget;
			buildConfigurationList = 2292823A2C2A42BF0055CA98 /* Build configuration list for PBXNativeTarget "UberClone" */;
			buildPhases = (
				229282282C2A42BE0055CA98 /* Sources */,
				229282292C2A42BE0055CA98 /* Frameworks */,
				2292822A2C2A42BE0055CA98 /* Resources */,
			);
			buildRules = (
			);
			dependencies = (
			);
			name = UberClone;
			productName = UberClone;
			productReference = 2292822C2C2A42BE0055CA98 /* UberClone.app */;
			productType = "com.apple.product-type.application";
		};
/* End PBXNativeTarget section */

/* Begin PBXProject section */
		229282242C2A42BE0055CA98 /* Project object */ = {
			isa = PBXProject;
			attributes = {
				BuildIndependentTargetsInParallel = 1;
				LastSwiftUpdateCheck = 1540;
				LastUpgradeCheck = 1540;
				TargetAttributes = {
					2292822B2C2A42BE0055CA98 = {
						CreatedOnToolsVersion = 15.4;
					};
				};
			};
			buildConfigurationList = 229282272C2A42BE0055CA98 /* Build configuration list for PBXProject "UberClone" */;
			compatibilityVersion = "Xcode 14.0";
			developmentRegion = en;
			hasScannedForEncodings = 0;
			knownRegions = (
				en,
				Base,
			);
			mainGroup = 229282232C2A42BE0055CA98;
			productRefGroup = 2292822D2C2A42BE0055CA98 /* Products */;
			projectDirPath = "";
			projectRoot = "";
			targets = (
				2292822B2C2A42BE0055CA98 /* UberClone */,
			);
		};
/* End PBXProject section */

/* Begin PBXResourcesBuildPhase section */
		2292822A2C2A42BE0055CA98 /* Resources */ = {
			isa = PBXResourcesBuildPhase;
			buildActionMask = 2147483647;
			files = (
				229282372C2A42BF0055CA98 /* Preview Assets.xcassets in Resources */,
				229282342C2A42BF0055CA98 /* Assets.xcassets in Resources */,
			);
			runOnlyForDeploymentPostprocessing = 0;
		};
/* End PBXResourcesBuildPhase section */

/* Begin PBXSourcesBuildPhase section */
		229282282C2A42BE0055CA98 /* Sources */ = {
			isa = PBXSourcesBuildPhase;
			buildActionMask = 2147483647;
			files = (
				229282452C2A4E740055CA98 /* HomeView.swift in Sources */,
				2292824B2C2A59E10055CA98 /* LocationManager.swift in Sources */,
				22A55E462C2B21C4000B9ACF /* MapViewState.swift in Sources */,
				229282302C2A42BE0055CA98 /* UberCloneApp.swift in Sources */,
				229282552C2AF2170055CA98 /* MapViewActionButton.swift in Sources */,
				2292825B2C2AFF380055CA98 /* LocationSearchViewModel.swift in Sources */,
				229282592C2AF5280055CA98 /* LocationSearchResultCell.swift in Sources */,
				229282492C2A4EEB0055CA98 /* UberMapViewRepresentable.swift in Sources */,
				22A55E4D2C2B2F03000B9ACF /* RideRequestView.swift in Sources */,
				229282512C2AF0B10055CA98 /* LocationSearchActivationSearchView.swift in Sources */,
				229282572C2AF3820055CA98 /* LocationSearchView.swift in Sources */,
				229282532C2AF11C0055CA98 /* UIScreen.swift in Sources */,
			);
			runOnlyForDeploymentPostprocessing = 0;
		};
/* End PBXSourcesBuildPhase section */

/* Begin XCBuildConfiguration section */
		229282382C2A42BF0055CA98 /* Debug */ = {
			isa = XCBuildConfiguration;
			buildSettings = {
				ALWAYS_SEARCH_USER_PATHS = NO;
				ASSETCATALOG_COMPILER_GENERATE_SWIFT_ASSET_SYMBOL_EXTENSIONS = YES;
				CLANG_ANALYZER_NONNULL = YES;
				CLANG_ANALYZER_NUMBER_OBJECT_CONVERSION = YES_AGGRESSIVE;
				CLANG_CXX_LANGUAGE_STANDARD = "gnu++20";
				CLANG_ENABLE_MODULES = YES;
				CLANG_ENABLE_OBJC_ARC = YES;
				CLANG_ENABLE_OBJC_WEAK = YES;
				CLANG_WARN_BLOCK_CAPTURE_AUTORELEASING = YES;
				CLANG_WARN_BOOL_CONVERSION = YES;
				CLANG_WARN_COMMA = YES;
				CLANG_WARN_CONSTANT_CONVERSION = YES;
				CLANG_WARN_DEPRECATED_OBJC_IMPLEMENTATIONS = YES;
				CLANG_WARN_DIRECT_OBJC_ISA_USAGE = YES_ERROR;
				CLANG_WARN_DOCUMENTATION_COMMENTS = YES;
				CLANG_WARN_EMPTY_BODY = YES;
				CLANG_WARN_ENUM_CONVERSION = YES;
				CLANG_WARN_INFINITE_RECURSION = YES;
				CLANG_WARN_INT_CONVERSION = YES;
				CLANG_WARN_NON_LITERAL_NULL_CONVERSION = YES;
				CLANG_WARN_OBJC_IMPLICIT_RETAIN_SELF = YES;
				CLANG_WARN_OBJC_LITERAL_CONVERSION = YES;
				CLANG_WARN_OBJC_ROOT_CLASS = YES_ERROR;
				CLANG_WARN_QUOTED_INCLUDE_IN_FRAMEWORK_HEADER = YES;
				CLANG_WARN_RANGE_LOOP_ANALYSIS = YES;
				CLANG_WARN_STRICT_PROTOTYPES = YES;
				CLANG_WARN_SUSPICIOUS_MOVE = YES;
				CLANG_WARN_UNGUARDED_AVAILABILITY = YES_AGGRESSIVE;
				CLANG_WARN_UNREACHABLE_CODE = YES;
				CLANG_WARN__DUPLICATE_METHOD_MATCH = YES;
				COPY_PHASE_STRIP = NO;
				DEBUG_INFORMATION_FORMAT = dwarf;
				ENABLE_STRICT_OBJC_MSGSEND = YES;
				ENABLE_TESTABILITY = YES;
				ENABLE_USER_SCRIPT_SANDBOXING = YES;
				GCC_C_LANGUAGE_STANDARD = gnu17;
				GCC_DYNAMIC_NO_PIC = NO;
				GCC_NO_COMMON_BLOCKS = YES;
				GCC_OPTIMIZATION_LEVEL = 0;
				GCC_PREPROCESSOR_DEFINITIONS = (
					"DEBUG=1",
					"$(inherited)",
				);
				GCC_WARN_64_TO_32_BIT_CONVERSION = YES;
				GCC_WARN_ABOUT_RETURN_TYPE = YES_ERROR;
				GCC_WARN_UNDECLARED_SELECTOR = YES;
				GCC_WARN_UNINITIALIZED_AUTOS = YES_AGGRESSIVE;
				GCC_WARN_UNUSED_FUNCTION = YES;
				GCC_WARN_UNUSED_VARIABLE = YES;
				IPHONEOS_DEPLOYMENT_TARGET = 17.5;
				LOCALIZATION_PREFERS_STRING_CATALOGS = YES;
				MTL_ENABLE_DEBUG_INFO = INCLUDE_SOURCE;
				MTL_FAST_MATH = YES;
				ONLY_ACTIVE_ARCH = YES;
				SDKROOT = iphoneos;
				SWIFT_ACTIVE_COMPILATION_CONDITIONS = "DEBUG $(inherited)";
				SWIFT_OPTIMIZATION_LEVEL = "-Onone";
			};
			name = Debug;
		};
		229282392C2A42BF0055CA98 /* Release */ = {
			isa = XCBuildConfiguration;
			buildSettings = {
				ALWAYS_SEARCH_USER_PATHS = NO;
				ASSETCATALOG_COMPILER_GENERATE_SWIFT_ASSET_SYMBOL_EXTENSIONS = YES;
				CLANG_ANALYZER_NONNULL = YES;
				CLANG_ANALYZER_NUMBER_OBJECT_CONVERSION = YES_AGGRESSIVE;
				CLANG_CXX_LANGUAGE_STANDARD = "gnu++20";
				CLANG_ENABLE_MODULES = YES;
				CLANG_ENABLE_OBJC_ARC = YES;
				CLANG_ENABLE_OBJC_WEAK = YES;
				CLANG_WARN_BLOCK_CAPTURE_AUTORELEASING = YES;
				CLANG_WARN_BOOL_CONVERSION = YES;
				CLANG_WARN_COMMA = YES;
				CLANG_WARN_CONSTANT_CONVERSION = YES;
				CLANG_WARN_DEPRECATED_OBJC_IMPLEMENTATIONS = YES;
				CLANG_WARN_DIRECT_OBJC_ISA_USAGE = YES_ERROR;
				CLANG_WARN_DOCUMENTATION_COMMENTS = YES;
				CLANG_WARN_EMPTY_BODY = YES;
				CLANG_WARN_ENUM_CONVERSION = YES;
				CLANG_WARN_INFINITE_RECURSION = YES;
				CLANG_WARN_INT_CONVERSION = YES;
				CLANG_WARN_NON_LITERAL_NULL_CONVERSION = YES;
				CLANG_WARN_OBJC_IMPLICIT_RETAIN_SELF = YES;
				CLANG_WARN_OBJC_LITERAL_CONVERSION = YES;
				CLANG_WARN_OBJC_ROOT_CLASS = YES_ERROR;
				CLANG_WARN_QUOTED_INCLUDE_IN_FRAMEWORK_HEADER = YES;
				CLANG_WARN_RANGE_LOOP_ANALYSIS = YES;
				CLANG_WARN_STRICT_PROTOTYPES = YES;
				CLANG_WARN_SUSPICIOUS_MOVE = YES;
				CLANG_WARN_UNGUARDED_AVAILABILITY = YES_AGGRESSIVE;
				CLANG_WARN_UNREACHABLE_CODE = YES;
				CLANG_WARN__DUPLICATE_METHOD_MATCH = YES;
				COPY_PHASE_STRIP = NO;
				DEBUG_INFORMATION_FORMAT = "dwarf-with-dsym";
				ENABLE_NS_ASSERTIONS = NO;
				ENABLE_STRICT_OBJC_MSGSEND = YES;
				ENABLE_USER_SCRIPT_SANDBOXING = YES;
				GCC_C_LANGUAGE_STANDARD = gnu17;
				GCC_NO_COMMON_BLOCKS = YES;
				GCC_WARN_64_TO_32_BIT_CONVERSION = YES;
				GCC_WARN_ABOUT_RETURN_TYPE = YES_ERROR;
				GCC_WARN_UNDECLARED_SELECTOR = YES;
				GCC_WARN_UNINITIALIZED_AUTOS = YES_AGGRESSIVE;
				GCC_WARN_UNUSED_FUNCTION = YES;
				GCC_WARN_UNUSED_VARIABLE = YES;
				IPHONEOS_DEPLOYMENT_TARGET = 17.5;
				LOCALIZATION_PREFERS_STRING_CATALOGS = YES;
				MTL_ENABLE_DEBUG_INFO = NO;
				MTL_FAST_MATH = YES;
				SDKROOT = iphoneos;
				SWIFT_COMPILATION_MODE = wholemodule;
				VALIDATE_PRODUCT = YES;
			};
			name = Release;
		};
		2292823B2C2A42BF0055CA98 /* Debug */ = {
			isa = XCBuildConfiguration;
			buildSettings = {
				ASSETCATALOG_COMPILER_APPICON_NAME = AppIcon;
				ASSETCATALOG_COMPILER_GLOBAL_ACCENT_COLOR_NAME = AccentColor;
				CODE_SIGN_STYLE = Automatic;
				CURRENT_PROJECT_VERSION = 1;
				DEVELOPMENT_ASSET_PATHS = "\"UberClone/Preview Content\"";
				DEVELOPMENT_TEAM = 6R6MQNLHPL;
				ENABLE_PREVIEWS = YES;
				GENERATE_INFOPLIST_FILE = YES;
				INFOPLIST_KEY_NSLocationWhenInUseUsageDescription = "Uber needs your location in order to find you rides";
				INFOPLIST_KEY_UIApplicationSceneManifest_Generation = YES;
				INFOPLIST_KEY_UIApplicationSupportsIndirectInputEvents = YES;
				INFOPLIST_KEY_UILaunchScreen_Generation = YES;
				INFOPLIST_KEY_UISupportedInterfaceOrientations_iPad = "UIInterfaceOrientationPortrait UIInterfaceOrientationPortraitUpsideDown UIInterfaceOrientationLandscapeLeft UIInterfaceOrientationLandscapeRight";
				INFOPLIST_KEY_UISupportedInterfaceOrientations_iPhone = "UIInterfaceOrientationPortrait UIInterfaceOrientationLandscapeLeft UIInterfaceOrientationLandscapeRight";
				LD_RUNPATH_SEARCH_PATHS = (
					"$(inherited)",
					"@executable_path/Frameworks",
				);
				MARKETING_VERSION = 1.0;
				PRODUCT_BUNDLE_IDENTIFIER = com.JamesMcDougall.UberClone;
				PRODUCT_NAME = "$(TARGET_NAME)";
				SWIFT_EMIT_LOC_STRINGS = YES;
				SWIFT_VERSION = 5.0;
				TARGETED_DEVICE_FAMILY = "1,2";
			};
			name = Debug;
		};
		2292823C2C2A42BF0055CA98 /* Release */ = {
			isa = XCBuildConfiguration;
			buildSettings = {
				ASSETCATALOG_COMPILER_APPICON_NAME = AppIcon;
				ASSETCATALOG_COMPILER_GLOBAL_ACCENT_COLOR_NAME = AccentColor;
				CODE_SIGN_STYLE = Automatic;
				CURRENT_PROJECT_VERSION = 1;
				DEVELOPMENT_ASSET_PATHS = "\"UberClone/Preview Content\"";
				DEVELOPMENT_TEAM = 6R6MQNLHPL;
				ENABLE_PREVIEWS = YES;
				GENERATE_INFOPLIST_FILE = YES;
				INFOPLIST_KEY_NSLocationWhenInUseUsageDescription = "Uber needs your location in order to find you rides";
				INFOPLIST_KEY_UIApplicationSceneManifest_Generation = YES;
				INFOPLIST_KEY_UIApplicationSupportsIndirectInputEvents = YES;
				INFOPLIST_KEY_UILaunchScreen_Generation = YES;
				INFOPLIST_KEY_UISupportedInterfaceOrientations_iPad = "UIInterfaceOrientationPortrait UIInterfaceOrientationPortraitUpsideDown UIInterfaceOrientationLandscapeLeft UIInterfaceOrientationLandscapeRight";
				INFOPLIST_KEY_UISupportedInterfaceOrientations_iPhone = "UIInterfaceOrientationPortrait UIInterfaceOrientationLandscapeLeft UIInterfaceOrientationLandscapeRight";
				LD_RUNPATH_SEARCH_PATHS = (
					"$(inherited)",
					"@executable_path/Frameworks",
				);
				MARKETING_VERSION = 1.0;
				PRODUCT_BUNDLE_IDENTIFIER = com.JamesMcDougall.UberClone;
				PRODUCT_NAME = "$(TARGET_NAME)";
				SWIFT_EMIT_LOC_STRINGS = YES;
				SWIFT_VERSION = 5.0;
				TARGETED_DEVICE_FAMILY = "1,2";
			};
			name = Release;
		};
/* End XCBuildConfiguration section */

/* Begin XCConfigurationList section */
		229282272C2A42BE0055CA98 /* Build configuration list for PBXProject "UberClone" */ = {
			isa = XCConfigurationList;
			buildConfigurations = (
				229282382C2A42BF0055CA98 /* Debug */,
				229282392C2A42BF0055CA98 /* Release */,
			);
			defaultConfigurationIsVisible = 0;
			defaultConfigurationName = Release;
		};
		2292823A2C2A42BF0055CA98 /* Build configuration list for PBXNativeTarget "UberClone" */ = {
			isa = XCConfigurationList;
			buildConfigurations = (
				2292823B2C2A42BF0055CA98 /* Debug */,
				2292823C2C2A42BF0055CA98 /* Release */,
			);
			defaultConfigurationIsVisible = 0;
			defaultConfigurationName = Release;
		};
/* End XCConfigurationList section */
	};
	rootObject = 229282242C2A42BE0055CA98 /* Project object */;
}
